# THIS IS AN AUTOGENERATED FILE. DO NOT EDIT THIS FILE DIRECTLY.
# yarn lockfile v1


"@babel/runtime@^7.14.5", "@babel/runtime@^7.17.2", "@babel/runtime@^7.5.5", "@babel/runtime@^7.8.7":
  version "7.18.6"
  resolved "https://registry.yarnpkg.com/@babel/runtime/-/runtime-7.18.6.tgz#6a1ef59f838debd670421f8c7f2cbb8da9751580"
  integrity "sha1-ah71n4ON69ZwQh+Mfyy7jal1FYA= sha512-t9wi7/AW6XtKahAe20Yw0/mMljKq0B1r2fPdvaAdV/KPDZewFXdaaa6K7lxmZBZ8FBNpCiAT6iHPmd6QO9bKfQ=="
  dependencies:
    regenerator-runtime "^0.13.4"

"@emotion/cache@^11.9.3":
  version "11.9.3"
  resolved "https://registry.yarnpkg.com/@emotion/cache/-/cache-11.9.3.tgz#96638449f6929fd18062cfe04d79b29b44c0d6cb"
  integrity "sha1-lmOESfaSn9GAYs/gTXmym0TA1ss= sha512-0dgkI/JKlCXa+lEXviaMtGBL0ynpx4osh7rjOXE71q9bIF8G+XhJgvi+wDu0B0IdCVx37BffiwXlN9I3UuzFvg=="
  dependencies:
    "@emotion/memoize" "^0.7.4"
    "@emotion/sheet" "^1.1.1"
    "@emotion/utils" "^1.0.0"
    "@emotion/weak-memoize" "^0.2.5"
    stylis "4.0.13"

"@emotion/is-prop-valid@^1.1.3":
  version "1.1.3"
  resolved "https://registry.yarnpkg.com/@emotion/is-prop-valid/-/is-prop-valid-1.1.3.tgz#f0907a416368cf8df9e410117068e20fe87c0a3a"
  integrity "sha1-8JB6QWNoz4355BARcGjiD+h8Cjo= sha512-RFg04p6C+1uO19uG8N+vqanzKqiM9eeV1LDOG3bmkYmuOj7NbKNlFC/4EZq5gnwAIlcC/jOT24f8Td0iax2SXA=="
  dependencies:
    "@emotion/memoize" "^0.7.4"

"@emotion/memoize@^0.7.4":
  version "0.7.5"
  resolved "https://registry.yarnpkg.com/@emotion/memoize/-/memoize-0.7.5.tgz#2c40f81449a4e554e9fc6396910ed4843ec2be50"
  integrity "sha1-LED4FEmk5VTp/GOWkQ7UhD7CvlA= sha512-igX9a37DR2ZPGYtV6suZ6whr8pTFtyHL3K/oLUotxpSVO2ASaprmAe2Dkq7tBo7CRY7MMDrAa9nuQP9/YG8FxQ=="

"@emotion/sheet@^1.1.1":
  version "1.1.1"
  resolved "https://registry.yarnpkg.com/@emotion/sheet/-/sheet-1.1.1.tgz#015756e2a9a3c7c5f11d8ec22966a8dbfbfac787"
  integrity "sha1-AVdW4qmjx8XxHY7CKWao2/v6x4c= sha512-J3YPccVRMiTZxYAY0IOq3kd+hUP8idY8Kz6B/Cyo+JuXq52Ek+zbPbSQUrVQp95aJ+lsAW7DPL1P2Z+U1jGkKA=="

"@emotion/utils@^1.0.0":
  version "1.1.0"
  resolved "https://registry.yarnpkg.com/@emotion/utils/-/utils-1.1.0.tgz#86b0b297f3f1a0f2bdb08eeac9a2f49afd40d0cf"
  integrity "sha1-hrCyl/PxoPK9sI7qyaL0mv1A0M8= sha512-iRLa/Y4Rs5H/f2nimczYmS5kFJEbpiVvgN3XVfZ022IYhuNA1IRSHEizcof88LtCTXtl9S2Cxt32KgaXEu72JQ=="

"@emotion/weak-memoize@^0.2.5":
  version "0.2.5"
  resolved "https://registry.yarnpkg.com/@emotion/weak-memoize/-/weak-memoize-0.2.5.tgz#8eed982e2ee6f7f4e44c253e12962980791efd46"
  integrity "sha1-ju2YLi7m9/TkTCU+EpYpgHke/UY= sha512-6U71C2Wp7r5XtFtQzYrW5iKFT67OixrSxjI4MptCHzdSVlgabczzqLe0ZSgnub/5Kp4hSbpDB1tMytZY9pwxxA=="

"@mui/base@5.0.0-alpha.88":
  version "5.0.0-alpha.88"
  resolved "https://registry.yarnpkg.com/@mui/base/-/base-5.0.0-alpha.88.tgz#0930d1849c74ba62a28ab2d8533de88764173ba4"
  integrity "sha1-CTDRhJx0umKiirLYUz3oh2QXO6Q= sha512-uL7ej2F/3GUnZewsDQSHUVHoSBT3AQcTIdfdy6QeCHy7X26mtbcIvTRcjl2PzbbNQplppavSTibPiQG/giJ+ng=="
  dependencies:
    "@babel/runtime" "^7.17.2"
    "@emotion/is-prop-valid" "^1.1.3"
    "@mui/types" "^7.1.4"
    "@mui/utils" "^5.8.6"
    "@popperjs/core" "^2.11.5"
    clsx "^1.2.0"
    prop-types "^15.8.1"
    react-is "^17.0.2"

"@mui/material@^5.4.4":
  version "5.8.7"
  resolved "https://registry.yarnpkg.com/@mui/material/-/material-5.8.7.tgz#28617c5b8a9e354e300f19fc38e1286ba1e15ad3"
  integrity "sha1-KGF8W4qeNU4wDxn8OOEoa6HhWtM= sha512-Oo62UhrgEi+BMLr3nUEASJgScE2/hhq14CbBUmrVV3GQlEGtqMZsy26Vb0AqEmphFeN3TXlsbM9aeW5yq8ZFlw=="
  dependencies:
    "@babel/runtime" "^7.17.2"
    "@mui/base" "5.0.0-alpha.88"
    "@mui/system" "^5.8.7"
    "@mui/types" "^7.1.4"
    "@mui/utils" "^5.8.6"
    "@types/react-transition-group" "^4.4.5"
    clsx "^1.2.0"
    csstype "^3.1.0"
    prop-types "^15.8.1"
    react-is "^17.0.2"
    react-transition-group "^4.4.2"

"@mui/private-theming@^5.8.6":
  version "5.8.6"
  resolved "https://registry.yarnpkg.com/@mui/private-theming/-/private-theming-5.8.6.tgz#db2bafeda1699e43e67b3ff4f770d6b7a234501f"
  integrity "sha1-2yuv7aFpnkPmez/093DWt6I0UB8= sha512-yHsJk1qU9r/q0DlnxGRJPHyM0Y/nUv8FTNgDTiI9I58GWuVuZqeTUr7JRvPh6ybeP/FLtW5eXEavRK9wxVk4uQ=="
  dependencies:
    "@babel/runtime" "^7.17.2"
    "@mui/utils" "^5.8.6"
    prop-types "^15.8.1"

"@mui/styled-engine@^5.8.7":
  version "5.8.7"
  resolved "https://registry.yarnpkg.com/@mui/styled-engine/-/styled-engine-5.8.7.tgz#63d0779c07677fe76d4705a02c7ae99f89b50780"
  integrity "sha1-Y9B3nAdnf+dtRwWgLHrpn4m1B4A= sha512-tVqtowjbYmiRq+qcqXK731L9eWoL9H8xTRhuTgaDGKdch1zlt4I2UwInUe1w2N9N/u3/jHsFbLcl1Un3uOwpQg=="
  dependencies:
    "@babel/runtime" "^7.17.2"
    "@emotion/cache" "^11.9.3"
    csstype "^3.1.0"
    prop-types "^15.8.1"

"@mui/system@^5.8.7":
  version "5.8.7"
  resolved "https://registry.yarnpkg.com/@mui/system/-/system-5.8.7.tgz#6a7ab6ac8d3e6a6c7abcbea84b5697cbb225beb8"
  integrity "sha1-anq2rI0+amx6vL6oS1aXy7Ilvrg= sha512-yFoFbfO42FWeSUDrFPixYjpqySQMqVMOSbSlAxiKnwFpvXGGn/bkfQTboCRNO31fvES29FJLQd4mwwMHd5mXng=="
  dependencies:
    "@babel/runtime" "^7.17.2"
    "@mui/private-theming" "^5.8.6"
    "@mui/styled-engine" "^5.8.7"
    "@mui/types" "^7.1.4"
    "@mui/utils" "^5.8.6"
    clsx "^1.2.0"
    csstype "^3.1.0"
    prop-types "^15.8.1"

"@mui/types@^7.1.4":
  version "7.1.4"
  resolved "https://registry.yarnpkg.com/@mui/types/-/types-7.1.4.tgz#4185c05d6df63ec673cda15feab80440abadc764"
  integrity "sha1-QYXAXW32PsZzzaFf6rgEQKutx2Q= sha512-uveM3byMbthO+6tXZ1n2zm0W3uJCQYtwt/v5zV5I77v2v18u0ITkb8xwhsDD2i3V2Kye7SaNR6FFJ6lMuY/WqQ=="

"@mui/utils@^5.8.6":
  version "5.8.6"
  resolved "https://registry.yarnpkg.com/@mui/utils/-/utils-5.8.6.tgz#543de64a64bb9135316ecfd91d75a8740544d79f"
  integrity "sha1-VD3mSmS7kTUxbs/ZHXWodAVE158= sha512-QM2Sd1xZo2jOt2Vz5Rmro+pi2FLJyiv4+OjxkUwXR3oUM65KSMAMLl/KNYU55s3W3DLRFP5MVwE4FhAbHseHAg=="
  dependencies:
    "@babel/runtime" "^7.17.2"
    "@types/prop-types" "^15.7.5"
    "@types/react-is" "^16.7.1 || ^17.0.0"
    prop-types "^15.8.1"
    react-is "^17.0.2"

"@popperjs/core@^2.11.5":
  version "2.11.5"
  resolved "https://registry.yarnpkg.com/@popperjs/core/-/core-2.11.5.tgz#db5a11bf66bdab39569719555b0f76e138d7bd64"
  integrity "sha1-21oRv2a9qzlWlxlVWw924TjXvWQ= sha512-9X2obfABZuDVLCgPK9aX0a/x4jaOEweTTWE2+9sr0Qqqevj2Uv5XorvusThmc9XGYpS9yI+fhh8RTafBtGposw=="

"@types/node@^17.0.21":
  version "17.0.45"
  resolved "https://registry.yarnpkg.com/@types/node/-/node-17.0.45.tgz#2c0fafd78705e7a18b7906b5201a522719dc5190"
  integrity "sha1-LA+v14cF56GLeQa1IBpSJxncUZA= sha512-w+tIMs3rq2afQdsPJlODhoUEKzFP1ayaoyl1CcnwtIlsVe7K7bA1NGm4s3PraqTLlXnbIN84zuBlxBWo1u9BLw=="

"@types/prop-types@*", "@types/prop-types@^15.7.5":
  version "15.7.5"
  resolved "https://registry.yarnpkg.com/@types/prop-types/-/prop-types-15.7.5.tgz#5f19d2b85a98e9558036f6a3cacc8819420f05cf"
  integrity "sha1-XxnSuFqY6VWANvajysyIGUIPBc8= sha512-JCB8C6SnDoQf0cNycqd/35A7MjcnK+ZTqE7judS6o7utxUCg6imJg3QK2qzHKszlTjcj2cn+NwMB2i96ubpj7w=="

"@types/react-is@^16.7.1 || ^17.0.0":
  version "17.0.3"
  resolved "https://registry.yarnpkg.com/@types/react-is/-/react-is-17.0.3.tgz#2d855ba575f2fc8d17ef9861f084acc4b90a137a"
  integrity "sha1-LYVbpXXy/I0X75hh8ISsxLkKE3o= sha512-aBTIWg1emtu95bLTLx0cpkxwGW3ueZv71nE2YFBpL8k/z5czEW8yYpOo8Dp+UUAFAtKwNaOsh/ioSeQnWlZcfw=="
  dependencies:
    "@types/react" "*"

"@types/react-transition-group@^4.4.5":
  version "4.4.5"
  resolved "https://registry.yarnpkg.com/@types/react-transition-group/-/react-transition-group-4.4.5.tgz#aae20dcf773c5aa275d5b9f7cdbca638abc5e416"
  integrity "sha1-quINz3c8WqJ11bn3zbymOKvF5BY= sha512-juKD/eiSM3/xZYzjuzH6ZwpP+/lejltmiS3QEzV/vmb/Q8+HfDmxu+Baga8UEMGBqV88Nbg4l2hY/K2DkyaLLA=="
  dependencies:
    "@types/react" "*"

"@types/react@*":
  version "18.0.15"
  resolved "https://registry.yarnpkg.com/@types/react/-/react-18.0.15.tgz#d355644c26832dc27f3e6cbf0c4f4603fc4ab7fe"
  integrity "sha1-01VkTCaDLcJ/Pmy/DE9GA/xKt/4= sha512-iz3BtLuIYH1uWdsv6wXYdhozhqj20oD4/Hk2DNXIn1kFsmp9x8d9QB6FnPhfkbhd2PgEONt9Q1x/ebkwjfFLow=="
  dependencies:
    "@types/prop-types" "*"
    "@types/scheduler" "*"
    csstype "^3.0.2"

"@types/scheduler@*":
  version "0.16.2"
  resolved "https://registry.yarnpkg.com/@types/scheduler/-/scheduler-0.16.2.tgz#1a62f89525723dde24ba1b01b092bf5df8ad4d39"
  integrity "sha1-GmL4lSVyPd4kuhsBsJK/XfitTTk= sha512-hppQEBDmlwhFAXKJX2KnWLYu5yMfi91yazPb2l+lbJiwW+wdo1gNeRA+3RgNSO39WYX2euey41KEwnqesU2Jew=="

argparse@^2.0.1:
  version "2.0.1"
  resolved "https://registry.yarnpkg.com/argparse/-/argparse-2.0.1.tgz#246f50f3ca78a3240f6c997e8a9bd1eac49e4b38"
  integrity "sha1-JG9Q88p4oyQPbJl+ipvR6sSeSzg= sha512-8+9WqebbFzpX9OR+Wa6O29asIogeRMzcGtAINdpMHHyAg10f05aSFVBbcEqGf/PXw1EjAZ+q2/bEBg3DvurK3Q=="

balanced-match@^1.0.0:
  version "1.0.2"
  resolved "https://registry.yarnpkg.com/balanced-match/-/balanced-match-1.0.2.tgz#e83e3a7e3f300b34cb9d87f615fa0cbf357690ee"
  integrity "sha1-6D46fj8wCzTLnYf2FfoMvzV2kO4= sha512-3oSeUO0TMV67hN1AmbXsK4yaqU7tjiHlbxRDZOpH0KW9+CeX4bRAaX0Anxt0tx2MrpRpWwQaPwIlISEJhYU5Pw=="

brace-expansion@^1.1.7:
  version "1.1.11"
  resolved "https://registry.yarnpkg.com/brace-expansion/-/brace-expansion-1.1.11.tgz#3c7fcbf529d87226f3d2f52b966ff5271eb441dd"
  integrity "sha1-PH/L9SnYcibz0vUrlm/1Jx60Qd0= sha512-iCuPHDFgrHX7H2vEI/5xpz07zSHB00TpugqhmYtVmMO6518mCuRMoOYFldEBl0g187ufozdaHgWKcYFb61qGiA=="
  dependencies:
    balanced-match "^1.0.0"
    concat-map "0.0.1"

brace-expansion@^2.0.1:
  version "2.0.1"
  resolved "https://registry.yarnpkg.com/brace-expansion/-/brace-expansion-2.0.1.tgz#1edc459e0f0c548486ecf9fc99f2221364b9a0ae"
  integrity "sha1-HtxFng8MVISG7Pn8mfIiE2S5oK4= sha512-XnAIvQ8eM+kC6aULx6wuQiwVsnzsi9d3WxzV3FpWTGA19F621kwdbsAcFKXgKUHZWsy+mY6iL1sHTxWEFCytDA=="
  dependencies:
    balanced-match "^1.0.0"

clsx@^1.2.0:
  version "1.2.1"
  resolved "https://registry.yarnpkg.com/clsx/-/clsx-1.2.1.tgz#0ddc4a20a549b59c93a4116bb26f5294ca17dc12"
  integrity "sha1-DdxKIKVJtZyTpBFrsm9SlMoX3BI= sha512-EcR6r5a8bj6pu3ycsa/E/cKVGuTgZJZdsyUYHOksG/UHIiKfjxzRxYJpyVBwYaQeOvghal9fcc4PidlgzugAQg=="

concat-map@0.0.1:
  version "0.0.1"
  resolved "https://registry.yarnpkg.com/concat-map/-/concat-map-0.0.1.tgz#d8a96bd77fd68df7793a73036a3ba0d5405d477b"
  integrity "sha1-2Klr13/Wjfd5OnMDajug1UBdR3s= sha512-/Srv4dswyQNBfohGpz9o6Yb3Gz3SrUDqBH5rTuhGR7ahtlbYKnVxw2bCFMRljaA7EXHaXZ8wsHdodFvbkhKmqg=="

csstype@^3.0.2, csstype@^3.1.0:
  version "3.1.0"
  resolved "https://registry.yarnpkg.com/csstype/-/csstype-3.1.0.tgz#4ddcac3718d787cf9df0d1b7d15033925c8f29f2"
  integrity "sha1-TdysNxjXh8+d8NG30VAzklyPKfI= sha512-uX1KG+x9h5hIJsaKR9xHUeUraxf8IODOwq9JLNPq6BwB04a/xgpq3rcx47l5BZu5zBPlgD342tdke3Hom/nJRA=="

deepmerge@^4.2.2:
  version "4.2.2"
  resolved "https://registry.yarnpkg.com/deepmerge/-/deepmerge-4.2.2.tgz#44d2ea3679b8f4d4ffba33f03d865fc1e7bf4955"
  integrity "sha1-RNLqNnm49NT/ujPwPYZfwee/SVU= sha512-FJ3UgI4gIl+PHZm53knsuSFpE+nESMr7M4v9QcgB7S63Kj/6WqMiFQJpBBYz1Pt+66bZpP3Q7Lye0Oo9MPKEdg=="

dom-helpers@^5.0.1:
  version "5.2.1"
  resolved "https://registry.yarnpkg.com/dom-helpers/-/dom-helpers-5.2.1.tgz#d9400536b2bf8225ad98fe052e029451ac40e902"
  integrity "sha1-2UAFNrK/giWtmP4FLgKUUaxA6QI= sha512-nRCa7CK3VTrM2NmGkIy4cbK7IZlgBE/PYMn55rrXefr5xXDP0LdtfPnblFDoVdcAfslJ7or6iqAUnx0CCGIWQA=="
  dependencies:
    "@babel/runtime" "^7.8.7"
    csstype "^3.0.2"

fs.realpath@^1.0.0:
  version "1.0.0"
  resolved "https://registry.yarnpkg.com/fs.realpath/-/fs.realpath-1.0.0.tgz#1504ad2523158caa40db4a2787cb01411994ea4f"
  integrity "sha1-FQStJSMVjKpA20onh8sBQRmU6k8= sha512-OO0pH2lK6a0hZnAdau5ItzHPI6pUlvI7jMVnxUQRtw4owF2wk8lOSabtGDCTP4Ggrg2MbGnWO9X8K1t4+fGMDw=="

glob@^7.2.0:
  version "7.2.3"
  resolved "https://registry.yarnpkg.com/glob/-/glob-7.2.3.tgz#b8df0fb802bbfa8e89bd1d938b4e16578ed44f2b"
  integrity "sha1-uN8PuAK7+o6JvR2Ti04WV47UTys= sha512-nFR0zLpU2YCaRxwoCJvL6UvCH2JFyFVIvwTLsIf21AuHlMskA1hhTdk+LlYJtOlYt9v6dvszD2BGRqBL+iQK9Q=="
  dependencies:
    fs.realpath "^1.0.0"
    inflight "^1.0.4"
    inherits "2"
    minimatch "^3.1.1"
    once "^1.3.0"
    path-is-absolute "^1.0.0"

glob@^8.0.3:
  version "8.0.3"
  resolved "https://registry.yarnpkg.com/glob/-/glob-8.0.3.tgz#415c6eb2deed9e502c68fa44a272e6da6eeca42e"
  integrity "sha1-QVxust7tnlAsaPpEonLm2m7spC4= sha512-ull455NHSHI/Y1FqGaaYFaLGkNMMJbavMrEGFXG/PGrg6y7sutWHUHrz6gy6WEBH6akM1M414dWKCNs+IhKdiQ=="
  dependencies:
    fs.realpath "^1.0.0"
    inflight "^1.0.4"
    inherits "2"
    minimatch "^5.0.1"
    once "^1.3.0"

html-escaper@^3.0.0:
  version "3.0.3"
  resolved "https://registry.yarnpkg.com/html-escaper/-/html-escaper-3.0.3.tgz#4d336674652beb1dcbc29ef6b6ba7f6be6fdfed6"
  integrity "sha1-TTNmdGUr6x3Lwp72trp/a+b9/tY= sha512-RuMffC89BOWQoY0WKGpIhn5gX3iI54O6nRA0yC124NYVtzjmFWBIiFd8M0x+ZdX0P9R4lADg1mgP8C7PxGOWuQ=="

html-parse-stringify@^3.0.1:
  version "3.0.1"
  resolved "https://registry.yarnpkg.com/html-parse-stringify/-/html-parse-stringify-3.0.1.tgz#dfc1017347ce9f77c8141a507f233040c59c55d2"
  integrity "sha1-38EBc0fOn3fIFBpQfyMwQMWcVdI= sha512-KknJ50kTInJ7qIScF3jeaFRpMpE8/lfiTdzf/twXyPBLAGrLRTmkz3AdTnKeh40X8k9L2fdYwEp/42WGXIRGcg=="
  dependencies:
    void-elements "3.1.0"

inflight@^1.0.4:
  version "1.0.6"
  resolved "https://registry.yarnpkg.com/inflight/-/inflight-1.0.6.tgz#49bd6331d7d02d0c09bc910a1075ba8165b56df9"
  integrity "sha1-Sb1jMdfQLQwJvJEKEHW6gWW1bfk= sha512-k92I/b08q4wvFscXCLvqfsHCrjrF7yiXsQuIVvVE7N82W3+aqpzuUdBbfhWcy/FZR3/4IgflMgKLOsvPDrGCJA=="
  dependencies:
    once "^1.3.0"
    wrappy "1"

inherits@2:
  version "2.0.4"
  resolved "https://registry.yarnpkg.com/inherits/-/inherits-2.0.4.tgz#0fa2c64f932917c3433a0ded55363aae37416b7c"
  integrity "sha1-D6LGT5MpF8NDOg3tVTY6rjdBa3w= sha512-k/vGaX4/Yla3WzyMCvTQOXYeIHvqOKtnqBduzTHpzpQZzAskKMhZ2K+EnBiSM9zGSoIFeMpXKxa4dYeZIQqewQ=="

"js-tokens@^3.0.0 || ^4.0.0":
  version "4.0.0"
  resolved "https://registry.yarnpkg.com/js-tokens/-/js-tokens-4.0.0.tgz#19203fb59991df98e3a287050d4647cdeaf32499"
  integrity "sha1-GSA/tZmR35jjoocFDUZHzerzJJk= sha512-RdJUflcE3cUzKiMqQgsCu06FPu9UdIJO0beYbPhHN4k6apgJtifcoCtT9bcxOpYBtpD2kCM6Sbzg4CausW/PKQ=="

jsonc-parser@^3.0.0:
  version "3.0.0"
  resolved "https://registry.yarnpkg.com/jsonc-parser/-/jsonc-parser-3.0.0.tgz#abdd785701c7e7eaca8a9ec8cf070ca51a745a22"
  integrity "sha1-q914VwHH5+rKip7IzwcMpRp0WiI= sha512-fQzRfAbIBnR0IQvftw9FJveWiHp72Fg20giDrHz6TdfB12UH/uue0D3hm57UB5KgAVuniLMCaS8P1IMj9NR7cA=="

loose-envify@^1.1.0, loose-envify@^1.4.0:
  version "1.4.0"
  resolved "https://registry.yarnpkg.com/loose-envify/-/loose-envify-1.4.0.tgz#71ee51fa7be4caec1a63839f7e682d8132d30caf"
  integrity "sha1-ce5R+nvkyuwaY4OffmgtgTLTDK8= sha512-lyuxPGr/Wfhrlem2CL/UcnUc1zcqKAImBDzukY7Y5F/yQiNdko6+fRLevlw1HgMySw7f611UIY408EtxRSoK3Q=="
  dependencies:
    js-tokens "^3.0.0 || ^4.0.0"

lunr@^2.3.9:
  version "2.3.9"
  resolved "https://registry.yarnpkg.com/lunr/-/lunr-2.3.9.tgz#18b123142832337dd6e964df1a5a7707b25d35e1"
  integrity "sha1-GLEjFCgyM33W6WTfGlp3B7JdNeE= sha512-zTU3DaZaF3Rt9rhN3uBMGQD3dD2/vFQqnvZCDv4dl5iOzq2IZQqTxu90r4E5J+nP70J3ilqVCrbho2eWaeW8Ow=="

marked@^4.0.16:
  version "4.0.17"
  resolved "https://registry.yarnpkg.com/marked/-/marked-4.0.17.tgz#1186193d85bb7882159cdcfc57d1dfccaffb3fe9"
  integrity "sha1-EYYZPYW7eIIVnNz8V9HfzK/7P+k= sha512-Wfk0ATOK5iPxM4ptrORkFemqroz0ZDxp5MWfYA7H/F+wO17NRWV5Ypxi6p3g2Xmw2bKeiYOl6oVnLHKxBA0VhA=="

minimatch@^3.1.1:
  version "3.1.2"
  resolved "https://registry.yarnpkg.com/minimatch/-/minimatch-3.1.2.tgz#19cd194bfd3e428f049a70817c038d89ab4be35b"
  integrity "sha1-Gc0ZS/0+Qo8EmnCBfAONiatL41s= sha512-J7p63hRiAjw1NDEww1W7i37+ByIrOWO5XQQAzZ3VOcL0PNybwpfmV/N05zFAzwQ9USyEcX6t3UO+K5aqBQOIHw=="
  dependencies:
    brace-expansion "^1.1.7"

minimatch@^5.0.1, minimatch@^5.1.0:
  version "5.1.0"
  resolved "https://registry.yarnpkg.com/minimatch/-/minimatch-5.1.0.tgz#1717b464f4971b144f6aabe8f2d0b8e4511e09c7"
  integrity "sha1-Fxe0ZPSXGxRPaqvo8tC45FEeCcc= sha512-9TPBGGak4nHfGZsPBohm9AWg6NoT7QTCehS3BIJABslyZbzxfV78QM2Y6+i741OPZIafFAaiiEMh5OyIrJPgtg=="
  dependencies:
    brace-expansion "^2.0.1"

mobx-react-lite@^3.4.0:
  version "3.4.0"
  resolved "https://registry.yarnpkg.com/mobx-react-lite/-/mobx-react-lite-3.4.0.tgz#d59156a96889cdadad751e5e4dab95f28926dfff"
  integrity "sha1-1ZFWqWiJza2tdR5eTauV8okm3/8= sha512-bRuZp3C0itgLKHu/VNxi66DN/XVkQG7xtoBVWxpvC5FhAqbOCP21+nPhULjnzEqd7xBMybp6KwytdUpZKEgpIQ=="

mobx-react@^7.3.0:
  version "7.5.2"
  resolved "https://registry.yarnpkg.com/mobx-react/-/mobx-react-7.5.2.tgz#362d6dc7271698caf3b56229c3c68fb0b30e682e"
  integrity "sha1-Ni1txycWmMrztWIpw8aPsLMOaC4= sha512-NP44ONwSqTy+3KlD7y9k7xbsuGD+8mgUj3IeI65SbxF1IOB42/j9TbosgUEDn//CCuU6OmQ7k9oiu9eSpRBHnw=="
  dependencies:
    mobx-react-lite "^3.4.0"

mobx@^6.4.2:
  version "6.6.1"
  resolved "https://registry.yarnpkg.com/mobx/-/mobx-6.6.1.tgz#70ee6aa82f25aeb7e7d522bd621207434e509318"
  integrity "sha1-cO5qqC8lrrfn1SK9YhIHQ05Qkxg= sha512-7su3UZv5JF+ohLr2opabjbUAERfXstMY+wiBtey8yNAPoB8H187RaQXuhFjNkH8aE4iHbDWnhDFZw0+5ic4nGQ=="

object-assign@^4.1.1:
  version "4.1.1"
  resolved "https://registry.yarnpkg.com/object-assign/-/object-assign-4.1.1.tgz#2109adc7965887cfc05cbbd442cac8bfbb360863"
  integrity "sha1-IQmtx5ZYh8/AXLvUQsrIv7s2CGM= sha512-rJgTQnkUnH1sFw8yT6VSU3zD3sWmu6sZhIseY8VX+GRu3P6F7Fu+JNDoXfklElbLJSnc3FUQHVe4cU5hj+BcUg=="

once@^1.3.0:
  version "1.4.0"
  resolved "https://registry.yarnpkg.com/once/-/once-1.4.0.tgz#583b1aa775961d4b113ac17d9c50baef9dd76bd1"
  integrity "sha1-WDsap3WWHUsROsF9nFC6753Xa9E= sha512-lNaJgI+2Q5URQBkccEKHTQOPaXdUxnZZElQTZY0MFUAuaEqe1E+Nyvgdz/aIyNi6Z9MzO5dv1H8n58/GELp3+w=="
  dependencies:
    wrappy "1"

path-is-absolute@^1.0.0:
  version "1.0.1"
  resolved "https://registry.yarnpkg.com/path-is-absolute/-/path-is-absolute-1.0.1.tgz#174b9268735534ffbc7ace6bf53a5a9e1b5c5f5f"
  integrity "sha1-F0uSaHNVNP+8es5r9TpanhtcX18= sha512-AVbw3UJ2e9bq64vSaS9Am0fje1Pa8pbGqTTsmXfaIiMpnr5DlDhfJOuLj9Sf95ZPVDAUerDfEk88MPmPe7UCQg=="

prop-types@^15.6.2, prop-types@^15.8.1:
  version "15.8.1"
  resolved "https://registry.yarnpkg.com/prop-types/-/prop-types-15.8.1.tgz#67d87bf1a694f48435cf332c24af10214a3140b5"
  integrity "sha1-Z9h78aaU9IQ1zzMsJK8QIUoxQLU= sha512-oj87CgZICdulUohogVAR7AjlC0327U4el4L6eAvOqCeudMDVU0NThNaV+b9Df4dXgSP1gXMTnPdhfe/2qDH5cg=="
  dependencies:
    loose-envify "^1.4.0"
    object-assign "^4.1.1"
    react-is "^16.13.1"

react-i18next@^11.15.5:
  version "11.18.0"
  resolved "https://registry.yarnpkg.com/react-i18next/-/react-i18next-11.18.0.tgz#38ec26e07f030f7f0109b3665759954dad2cc7f9"
  integrity "sha1-OOwm4H8DD38BCbNmV1mVTa0sx/k= sha512-coJujU20xJ5Wa5rHjTyB5LFKZb1yfXo2A+40RRSyAF0FlZRHyy+3C1Mr92x1JPfS7W7v2TWNn8mRhpDFGJwXVg=="
  dependencies:
    "@babel/runtime" "^7.14.5"
    html-parse-stringify "^3.0.1"

react-is@^16.13.1:
  version "16.13.1"
  resolved "https://registry.yarnpkg.com/react-is/-/react-is-16.13.1.tgz#789729a4dc36de2999dc156dd6c1d9c18cea56a4"
  integrity "sha1-eJcppNw23imZ3BVt1sHZwYzqVqQ= sha512-24e6ynE2H+OKt4kqsOvNd8kBpV65zoxbA4BVsEOB3ARVWQki/DHzaUoC5KuON/BiccDaCCTZBuOcfZs70kR8bQ=="

react-is@^17.0.2:
  version "17.0.2"
  resolved "https://registry.yarnpkg.com/react-is/-/react-is-17.0.2.tgz#e691d4a8e9c789365655539ab372762b0efb54f0"
  integrity "sha1-5pHUqOnHiTZWVVOas3J2Kw77VPA= sha512-w2GsyukL62IJnlaff/nRegPQR94C/XXamvMWmSHRJ4y7Ts/4ocGRmTHvOs8PSE6pB3dWOrD/nueuU5sduBsQ4w=="

react-transition-group@^4.4.2:
  version "4.4.2"
  resolved "https://registry.yarnpkg.com/react-transition-group/-/react-transition-group-4.4.2.tgz#8b59a56f09ced7b55cbd53c36768b922890d5470"
  integrity "sha1-i1mlbwnO17VcvVPDZ2i5IokNVHA= sha512-/RNYfRAMlZwDSr6z4zNKV6xu53/e2BuaBbGhbyYIXTrmgu/bGHzmqOs7mJSJBHy9Ud+ApHx3QjrkKSp1pxvlFg=="
  dependencies:
    "@babel/runtime" "^7.5.5"
    dom-helpers "^5.0.1"
    loose-envify "^1.4.0"
    prop-types "^15.6.2"

react@^17.0.2:
  version "17.0.2"
  resolved "https://registry.yarnpkg.com/react/-/react-17.0.2.tgz#d0b5cc516d29eb3eee383f75b62864cfb6800037"
  integrity "sha1-0LXMUW0p6z7uOD91tihkz7aAADc= sha512-gnhPt75i/dq/z3/6q/0asP78D0u592D5L1pd7M8P+dck6Fu/jJeL6iVVK23fptSUZj8Vjf++7wXA8UNclGQcbA=="
  dependencies:
    loose-envify "^1.1.0"
    object-assign "^4.1.1"

regenerator-runtime@^0.13.4:
  version "0.13.9"
  resolved "https://registry.yarnpkg.com/regenerator-runtime/-/regenerator-runtime-0.13.9.tgz#8925742a98ffd90814988d7566ad30ca3b263b52"
  integrity "sha1-iSV0Kpj/2QgUmI11Zq0wyjsmO1I= sha512-p3VT+cOEgxFsRRA9X4lkI1E+k2/CtnKtU4gcxyaCUreilL/vqI6CdZ3wxVUx3UOUg+gnUOQQcRI7BmSI656MYA=="

shiki@^0.10.1:
  version "0.10.1"
  resolved "https://registry.yarnpkg.com/shiki/-/shiki-0.10.1.tgz#6f9a16205a823b56c072d0f1a0bcd0f2646bef14"
  integrity "sha1-b5oWIFqCO1bActDxoLzQ8mRr7xQ= sha512-VsY7QJVzU51j5o1+DguUd+6vmCmZ5v/6gYu4vyYAhzjuNQU6P/vmSy4uQaOhvje031qQMiW0d2BwgMH52vqMng=="
  dependencies:
    jsonc-parser "^3.0.0"
    vscode-oniguruma "^1.6.1"
    vscode-textmate "5.2.0"

stylis@4.0.13:
  version "4.0.13"
  resolved "https://registry.yarnpkg.com/stylis/-/stylis-4.0.13.tgz#f5db332e376d13cc84ecfe5dace9a2a51d954c91"
  integrity "sha1-9dszLjdtE8yE7P5drOmipR2VTJE= sha512-xGPXiFVl4YED9Jh7Euv2V220mriG9u4B2TA6Ybjc1catrstKD2PpIdU3U0RKpkVBC2EhmL/F0sPCr9vrFTNRag=="

typedoc-plugin-mermaid@^1.6.0:
  version "1.8.0"
  resolved "https://registry.yarnpkg.com/typedoc-plugin-mermaid/-/typedoc-plugin-mermaid-1.8.0.tgz#bf61c279994a2a93a7884e52c72b1ee60eb605f3"
  integrity "sha1-v2HCeZlKKpOniE5Sxyse5g62BfM= sha512-wWVHfvQbzLOmWyReUBTR4x1DqGj1w/WFOyANp8D4fswxEeIF+1HO3ySW+DpZc++MZpNimNZTKUPgJh2i+5qA5w=="
  dependencies:
    html-escaper "^3.0.0"

typedoc@^0.22.12:
  version "0.22.18"
  resolved "https://registry.yarnpkg.com/typedoc/-/typedoc-0.22.18.tgz#1d000c33b66b88fd8cdfea14a26113a83b7e6591"
  integrity "sha1-HQAMM7ZriP2M3+oUomETqDt+ZZE= sha512-NK9RlLhRUGMvc6Rw5USEYgT4DVAUFk7IF7Q6MYfpJ88KnTZP7EneEa4RcP+tX1auAcz7QT1Iy0bUSZBYYHdoyA=="
  dependencies:
    glob "^8.0.3"
    lunr "^2.3.9"
    marked "^4.0.16"
    minimatch "^5.1.0"
    shiki "^0.10.1"

typescript@4.7.3:
  version "4.7.3"
  resolved "https://registry.yarnpkg.com/typescript/-/typescript-4.7.3.tgz#8364b502d5257b540f9de4c40be84c98e23a129d"
  integrity "sha1-g2S1AtUle1QPneTEC+hMmOI6Ep0= sha512-WOkT3XYvrpXx4vMMqlD+8R8R37fZkjyLGlxavMc4iB8lrl8L0DeTcHbYgw/v0N/z9wAFsgBhcsF0ruoySS22mA=="

void-elements@3.1.0:
  version "3.1.0"
  resolved "https://registry.yarnpkg.com/void-elements/-/void-elements-3.1.0.tgz#614f7fbf8d801f0bb5f0661f5b2f5785750e4f09"
  integrity "sha1-YU9/v42AHwu18GYfWy9XhXUOTwk= sha512-Dhxzh5HZuiHQhbvTW9AMetFfBHDMYpo23Uo9btPXgdYP+3T5S+p+jgNy7spra+veYhBP2dCSgxR/i2Y02h5/6w=="

vscode-oniguruma@^1.6.1:
  version "1.6.2"
  resolved "https://registry.yarnpkg.com/vscode-oniguruma/-/vscode-oniguruma-1.6.2.tgz#aeb9771a2f1dbfc9083c8a7fdd9cccaa3f386607"
  integrity "sha1-rrl3Gi8dv8kIPIp/3ZzMqj84Zgc= sha512-KH8+KKov5eS/9WhofZR8M8dMHWN2gTxjMsG4jd04YhpbPR91fUj7rYQ2/XjeHCJWbg7X++ApRIU9NUwM2vTvLA=="

vscode-textmate@5.2.0:
  version "5.2.0"
  resolved "https://registry.yarnpkg.com/vscode-textmate/-/vscode-textmate-5.2.0.tgz#01f01760a391e8222fe4f33fbccbd1ad71aed74e"
  integrity "sha1-AfAXYKOR6CIv5PM/vMvRrXGu104= sha512-Uw5ooOQxRASHgu6C7GVvUxisKXfSgW4oFlO+aa+PAkgmH89O3CXxEEzNRNtHSqtXFTl0nAC1uYj0GMSH27uwtQ=="

wrappy@1:
  version "1.0.2"
  resolved "https://registry.yarnpkg.com/wrappy/-/wrappy-1.0.2.tgz#b5243d8f3ec1aa35f1364605bc0d1036e30ab69f"
  integrity "sha1-tSQ9jz7BqjXxNkYFvA0QNuMKtp8= sha512-l4Sp/DRseor9wL6EvV2+TuQn63dMkPjZ/sp9XkghTEbV9KlPS1xUsZ3u7/IQO4wxtcFB4bgpQPRcR3QCvezPcQ=="
