# THIS IS AN AUTOGENERATED FILE. DO NOT EDIT THIS FILE DIRECTLY.
# yarn lockfile v1


"@babel/runtime@^7.14.5", "@babel/runtime@^7.17.2", "@babel/runtime@^7.5.5", "@babel/runtime@^7.8.7":
  version "7.18.9"
  resolved "https://registry.yarnpkg.com/@babel/runtime/-/runtime-7.18.9.tgz#b4fcfce55db3d2e5e080d2490f608a3b9f407f4a"
  integrity sha512-lkqXDcvlFT5rvEjiu6+QYO+1GXrEHRo2LOtS7E4GtX5ESIZOgepqsZBVIj6Pv+a6zqsya9VCgiK1KAK4BvJDAw==
  dependencies:
    regenerator-runtime "^0.13.4"

"@emotion/cache@^11.10.1":
  version "11.10.3"
  resolved "https://registry.yarnpkg.com/@emotion/cache/-/cache-11.10.3.tgz#c4f67904fad10c945fea5165c3a5a0583c164b87"
  integrity sha512-Psmp/7ovAa8appWh3g51goxu/z3iVms7JXOreq136D8Bbn6dYraPnmL6mdM8GThEx9vwSn92Fz+mGSjBzN8UPQ==
  dependencies:
    "@emotion/memoize" "^0.8.0"
    "@emotion/sheet" "^1.2.0"
    "@emotion/utils" "^1.2.0"
    "@emotion/weak-memoize" "^0.3.0"
    stylis "4.0.13"

"@emotion/is-prop-valid@^1.2.0":
  version "1.2.0"
  resolved "https://registry.yarnpkg.com/@emotion/is-prop-valid/-/is-prop-valid-1.2.0.tgz#7f2d35c97891669f7e276eb71c83376a5dc44c83"
  integrity sha512-3aDpDprjM0AwaxGE09bOPkNxHpBd+kA6jty3RnaEXdweX1DF1U3VQpPYb0g1IStAuK7SVQ1cy+bNBBKp4W3Fjg==
  dependencies:
    "@emotion/memoize" "^0.8.0"

"@emotion/memoize@^0.8.0":
  version "0.8.0"
  resolved "https://registry.yarnpkg.com/@emotion/memoize/-/memoize-0.8.0.tgz#f580f9beb67176fa57aae70b08ed510e1b18980f"
  integrity sha512-G/YwXTkv7Den9mXDO7AhLWkE3q+I92B+VqAE+dYG4NGPaHZGvt3G8Q0p9vmE+sq7rTGphUbAvmQ9YpbfMQGGlA==

"@emotion/sheet@^1.2.0":
  version "1.2.0"
  resolved "https://registry.yarnpkg.com/@emotion/sheet/-/sheet-1.2.0.tgz#771b1987855839e214fc1741bde43089397f7be5"
  integrity sha512-OiTkRgpxescko+M51tZsMq7Puu/KP55wMT8BgpcXVG2hqXc0Vo0mfymJ/Uj24Hp0i083ji/o0aLddh08UEjq8w==

"@emotion/utils@^1.2.0":
  version "1.2.0"
  resolved "https://registry.yarnpkg.com/@emotion/utils/-/utils-1.2.0.tgz#9716eaccbc6b5ded2ea5a90d65562609aab0f561"
  integrity sha512-sn3WH53Kzpw8oQ5mgMmIzzyAaH2ZqFEbozVVBSYp538E06OSE6ytOp7pRAjNQR+Q/orwqdQYJSe2m3hCOeznkw==

"@emotion/weak-memoize@^0.3.0":
  version "0.3.0"
  resolved "https://registry.yarnpkg.com/@emotion/weak-memoize/-/weak-memoize-0.3.0.tgz#ea89004119dc42db2e1dba0f97d553f7372f6fcb"
  integrity sha512-AHPmaAx+RYfZz0eYu6Gviiagpmiyw98ySSlQvCUhVGDRtDFe4DBS0x1bSjdF3gqUDYOczB+yYvBTtEylYSdRhg==

"@mui/base@5.0.0-alpha.94":
  version "5.0.0-alpha.94"
  resolved "https://registry.yarnpkg.com/@mui/base/-/base-5.0.0-alpha.94.tgz#8835dfb41fab8ee0dfafacd89178f877ea24bcbf"
  integrity sha512-IJXmgTF07H1Iv5zjDV7zJZGUmb9cN8ERzd2dgA1akh6NWZgwyIGyQx+Au9+QSDoM5vN3FqZvU/0YCU6inUwgeQ==
  dependencies:
    "@babel/runtime" "^7.17.2"
    "@emotion/is-prop-valid" "^1.2.0"
    "@mui/types" "^7.1.5"
    "@mui/utils" "^5.9.3"
    "@popperjs/core" "^2.11.6"
    clsx "^1.2.1"
    prop-types "^15.8.1"
    react-is "^18.2.0"

"@mui/core-downloads-tracker@^5.10.2":
  version "5.10.2"
  resolved "https://registry.yarnpkg.com/@mui/core-downloads-tracker/-/core-downloads-tracker-5.10.2.tgz#d54811df1d2d26ce87c0648e0e17061a41fe292c"
  integrity sha512-1guoGvL3QZ7VjA3y9zye9Rpm+jz18rVZIo3AauTGyW5ntDMxr/cR0M18nuc/NH2KqpMt+coh4NwPEO1uPuKM5w==

"@mui/material@^5.4.4":
  version "5.10.2"
  resolved "https://registry.yarnpkg.com/@mui/material/-/material-5.10.2.tgz#e440c7839bff31c9bb075ce12eaebac83b4f1d9e"
  integrity sha512-ay43fuQLXROXkxFd6tqbj394Hu8BlbmpCdEDFtAisijulla2ZLfQa24pjhdX+56HrHReB3cZsf/sRq+DSfIgiA==
  dependencies:
    "@babel/runtime" "^7.17.2"
    "@mui/base" "5.0.0-alpha.94"
    "@mui/core-downloads-tracker" "^5.10.2"
    "@mui/system" "^5.10.2"
    "@mui/types" "^7.1.5"
    "@mui/utils" "^5.9.3"
    "@types/react-transition-group" "^4.4.5"
    clsx "^1.2.1"
    csstype "^3.1.0"
    prop-types "^15.8.1"
    react-is "^18.2.0"
    react-transition-group "^4.4.5"

"@mui/private-theming@^5.9.3":
  version "5.9.3"
  resolved "https://registry.yarnpkg.com/@mui/private-theming/-/private-theming-5.9.3.tgz#8ea06dbe0522b0cf4ba5ee19b1a4d7f74539ae1c"
  integrity sha512-Ys3WO39WqoGciGX9k5AIi/k2zJhlydv4FzlEEwtw9OqdMaV0ydK/TdZekKzjP9sTI/JcdAP3H5DWtUaPLQJjWg==
  dependencies:
    "@babel/runtime" "^7.17.2"
    "@mui/utils" "^5.9.3"
    prop-types "^15.8.1"

"@mui/styled-engine@^5.10.2":
  version "5.10.2"
  resolved "https://registry.yarnpkg.com/@mui/styled-engine/-/styled-engine-5.10.2.tgz#47257f02f0db0905d35f3a1d31bb8d2b63d0c228"
  integrity sha512-YqnptNQ2E0cWwOTmLCEvrddiiR/neUfn2AD/4TDUXZu8B2n7NfDb9d3bAUfWZV+KmulQdAedoaZDqyXBFGLdbQ==
  dependencies:
    "@babel/runtime" "^7.17.2"
    "@emotion/cache" "^11.10.1"
    csstype "^3.1.0"
    prop-types "^15.8.1"

"@mui/system@^5.10.2":
  version "5.10.2"
  resolved "https://registry.yarnpkg.com/@mui/system/-/system-5.10.2.tgz#9393284304fcfb3882148eefc808f50d95878a27"
  integrity sha512-YudwJhLcEoQiwCAmzeMr9P3ISiVGNsxBIIPzFxaGwJ8+mMrx3qoPVOV2sfm0ZuNiQuABshEw4KqHa5ftNC+pOQ==
  dependencies:
    "@babel/runtime" "^7.17.2"
    "@mui/private-theming" "^5.9.3"
    "@mui/styled-engine" "^5.10.2"
    "@mui/types" "^7.1.5"
    "@mui/utils" "^5.9.3"
    clsx "^1.2.1"
    csstype "^3.1.0"
    prop-types "^15.8.1"

"@mui/types@^7.1.5":
  version "7.1.5"
  resolved "https://registry.yarnpkg.com/@mui/types/-/types-7.1.5.tgz#5e5cc49d719bc86522983359bc1f90eddcff0624"
  integrity sha512-HnRXrxgHJYJcT8ZDdDCQIlqk0s0skOKD7eWs9mJgBUu70hyW4iA6Kiv3yspJR474RFH8hysKR65VVSzUSzkuwA==

"@mui/utils@^5.9.3":
  version "5.9.3"
  resolved "https://registry.yarnpkg.com/@mui/utils/-/utils-5.9.3.tgz#a11e0824f00b7ea40257b390060ce167fe861d02"
  integrity sha512-l0N5bcrenE9hnwZ/jPecpIRqsDFHkPXoFUcmkgysaJwVZzJ3yQkGXB47eqmXX5yyGrSc6HksbbqXEaUya+siew==
  dependencies:
    "@babel/runtime" "^7.17.2"
    "@types/prop-types" "^15.7.5"
    "@types/react-is" "^16.7.1 || ^17.0.0"
    prop-types "^15.8.1"
    react-is "^18.2.0"

"@popperjs/core@^2.11.6":
  version "2.11.6"
  resolved "https://registry.yarnpkg.com/@popperjs/core/-/core-2.11.6.tgz#cee20bd55e68a1720bdab363ecf0c821ded4cd45"
  integrity sha512-50/17A98tWUfQ176raKiOGXuYpLyyVMkxxG6oylzL3BPOlA6ADGdK7EYunSa4I064xerltq9TGXs8HmOk5E+vw==

"@types/node@^17.0.21":
  version "17.0.45"
  resolved "https://registry.yarnpkg.com/@types/node/-/node-17.0.45.tgz#2c0fafd78705e7a18b7906b5201a522719dc5190"
  integrity sha512-w+tIMs3rq2afQdsPJlODhoUEKzFP1ayaoyl1CcnwtIlsVe7K7bA1NGm4s3PraqTLlXnbIN84zuBlxBWo1u9BLw==

"@types/prop-types@*", "@types/prop-types@^15.7.5":
  version "15.7.5"
  resolved "https://registry.yarnpkg.com/@types/prop-types/-/prop-types-15.7.5.tgz#5f19d2b85a98e9558036f6a3cacc8819420f05cf"
  integrity sha512-JCB8C6SnDoQf0cNycqd/35A7MjcnK+ZTqE7judS6o7utxUCg6imJg3QK2qzHKszlTjcj2cn+NwMB2i96ubpj7w==

"@types/react-is@^16.7.1 || ^17.0.0":
  version "17.0.3"
  resolved "https://registry.yarnpkg.com/@types/react-is/-/react-is-17.0.3.tgz#2d855ba575f2fc8d17ef9861f084acc4b90a137a"
  integrity sha512-aBTIWg1emtu95bLTLx0cpkxwGW3ueZv71nE2YFBpL8k/z5czEW8yYpOo8Dp+UUAFAtKwNaOsh/ioSeQnWlZcfw==
  dependencies:
    "@types/react" "*"

"@types/react-transition-group@^4.4.5":
  version "4.4.5"
  resolved "https://registry.yarnpkg.com/@types/react-transition-group/-/react-transition-group-4.4.5.tgz#aae20dcf773c5aa275d5b9f7cdbca638abc5e416"
  integrity sha512-juKD/eiSM3/xZYzjuzH6ZwpP+/lejltmiS3QEzV/vmb/Q8+HfDmxu+Baga8UEMGBqV88Nbg4l2hY/K2DkyaLLA==
  dependencies:
    "@types/react" "*"

"@types/react@*":
  version "18.0.17"
  resolved "https://registry.yarnpkg.com/@types/react/-/react-18.0.17.tgz#4583d9c322d67efe4b39a935d223edcc7050ccf4"
  integrity sha512-38ETy4tL+rn4uQQi7mB81G7V1g0u2ryquNmsVIOKUAEIDK+3CUjZ6rSRpdvS99dNBnkLFL83qfmtLacGOTIhwQ==
  dependencies:
    "@types/prop-types" "*"
    "@types/scheduler" "*"
    csstype "^3.0.2"

"@types/scheduler@*":
  version "0.16.2"
  resolved "https://registry.yarnpkg.com/@types/scheduler/-/scheduler-0.16.2.tgz#1a62f89525723dde24ba1b01b092bf5df8ad4d39"
  integrity sha512-hppQEBDmlwhFAXKJX2KnWLYu5yMfi91yazPb2l+lbJiwW+wdo1gNeRA+3RgNSO39WYX2euey41KEwnqesU2Jew==

argparse@^2.0.1:
  version "2.0.1"
  resolved "https://registry.yarnpkg.com/argparse/-/argparse-2.0.1.tgz#246f50f3ca78a3240f6c997e8a9bd1eac49e4b38"
  integrity sha512-8+9WqebbFzpX9OR+Wa6O29asIogeRMzcGtAINdpMHHyAg10f05aSFVBbcEqGf/PXw1EjAZ+q2/bEBg3DvurK3Q==

balanced-match@^1.0.0:
  version "1.0.2"
  resolved "https://registry.yarnpkg.com/balanced-match/-/balanced-match-1.0.2.tgz#e83e3a7e3f300b34cb9d87f615fa0cbf357690ee"
  integrity sha512-3oSeUO0TMV67hN1AmbXsK4yaqU7tjiHlbxRDZOpH0KW9+CeX4bRAaX0Anxt0tx2MrpRpWwQaPwIlISEJhYU5Pw==

brace-expansion@^1.1.7:
  version "1.1.11"
  resolved "https://registry.yarnpkg.com/brace-expansion/-/brace-expansion-1.1.11.tgz#3c7fcbf529d87226f3d2f52b966ff5271eb441dd"
  integrity sha512-iCuPHDFgrHX7H2vEI/5xpz07zSHB00TpugqhmYtVmMO6518mCuRMoOYFldEBl0g187ufozdaHgWKcYFb61qGiA==
  dependencies:
    balanced-match "^1.0.0"
    concat-map "0.0.1"

brace-expansion@^2.0.1:
  version "2.0.1"
  resolved "https://registry.yarnpkg.com/brace-expansion/-/brace-expansion-2.0.1.tgz#1edc459e0f0c548486ecf9fc99f2221364b9a0ae"
  integrity sha512-XnAIvQ8eM+kC6aULx6wuQiwVsnzsi9d3WxzV3FpWTGA19F621kwdbsAcFKXgKUHZWsy+mY6iL1sHTxWEFCytDA==
  dependencies:
    balanced-match "^1.0.0"

clsx@^1.2.1:
  version "1.2.1"
  resolved "https://registry.yarnpkg.com/clsx/-/clsx-1.2.1.tgz#0ddc4a20a549b59c93a4116bb26f5294ca17dc12"
  integrity sha512-EcR6r5a8bj6pu3ycsa/E/cKVGuTgZJZdsyUYHOksG/UHIiKfjxzRxYJpyVBwYaQeOvghal9fcc4PidlgzugAQg==

concat-map@0.0.1:
  version "0.0.1"
  resolved "https://registry.yarnpkg.com/concat-map/-/concat-map-0.0.1.tgz#d8a96bd77fd68df7793a73036a3ba0d5405d477b"
  integrity sha512-/Srv4dswyQNBfohGpz9o6Yb3Gz3SrUDqBH5rTuhGR7ahtlbYKnVxw2bCFMRljaA7EXHaXZ8wsHdodFvbkhKmqg==

csstype@^3.0.2, csstype@^3.1.0:
  version "3.1.0"
  resolved "https://registry.yarnpkg.com/csstype/-/csstype-3.1.0.tgz#4ddcac3718d787cf9df0d1b7d15033925c8f29f2"
  integrity sha512-uX1KG+x9h5hIJsaKR9xHUeUraxf8IODOwq9JLNPq6BwB04a/xgpq3rcx47l5BZu5zBPlgD342tdke3Hom/nJRA==

deepmerge@^4.2.2:
  version "4.2.2"
  resolved "https://registry.yarnpkg.com/deepmerge/-/deepmerge-4.2.2.tgz#44d2ea3679b8f4d4ffba33f03d865fc1e7bf4955"
  integrity sha512-FJ3UgI4gIl+PHZm53knsuSFpE+nESMr7M4v9QcgB7S63Kj/6WqMiFQJpBBYz1Pt+66bZpP3Q7Lye0Oo9MPKEdg==

dom-helpers@^5.0.1:
  version "5.2.1"
  resolved "https://registry.yarnpkg.com/dom-helpers/-/dom-helpers-5.2.1.tgz#d9400536b2bf8225ad98fe052e029451ac40e902"
  integrity sha512-nRCa7CK3VTrM2NmGkIy4cbK7IZlgBE/PYMn55rrXefr5xXDP0LdtfPnblFDoVdcAfslJ7or6iqAUnx0CCGIWQA==
  dependencies:
    "@babel/runtime" "^7.8.7"
    csstype "^3.0.2"

fs.realpath@^1.0.0:
  version "1.0.0"
  resolved "https://registry.yarnpkg.com/fs.realpath/-/fs.realpath-1.0.0.tgz#1504ad2523158caa40db4a2787cb01411994ea4f"
  integrity sha512-OO0pH2lK6a0hZnAdau5ItzHPI6pUlvI7jMVnxUQRtw4owF2wk8lOSabtGDCTP4Ggrg2MbGnWO9X8K1t4+fGMDw==

glob@^7.2.0:
  version "7.2.3"
  resolved "https://registry.yarnpkg.com/glob/-/glob-7.2.3.tgz#b8df0fb802bbfa8e89bd1d938b4e16578ed44f2b"
  integrity sha512-nFR0zLpU2YCaRxwoCJvL6UvCH2JFyFVIvwTLsIf21AuHlMskA1hhTdk+LlYJtOlYt9v6dvszD2BGRqBL+iQK9Q==
  dependencies:
    fs.realpath "^1.0.0"
    inflight "^1.0.4"
    inherits "2"
    minimatch "^3.1.1"
    once "^1.3.0"
    path-is-absolute "^1.0.0"

glob@^8.0.3:
  version "8.0.3"
  resolved "https://registry.yarnpkg.com/glob/-/glob-8.0.3.tgz#415c6eb2deed9e502c68fa44a272e6da6eeca42e"
  integrity sha512-ull455NHSHI/Y1FqGaaYFaLGkNMMJbavMrEGFXG/PGrg6y7sutWHUHrz6gy6WEBH6akM1M414dWKCNs+IhKdiQ==
  dependencies:
    fs.realpath "^1.0.0"
    inflight "^1.0.4"
    inherits "2"
    minimatch "^5.0.1"
    once "^1.3.0"

html-escaper@^3.0.0:
  version "3.0.3"
  resolved "https://registry.yarnpkg.com/html-escaper/-/html-escaper-3.0.3.tgz#4d336674652beb1dcbc29ef6b6ba7f6be6fdfed6"
  integrity sha512-RuMffC89BOWQoY0WKGpIhn5gX3iI54O6nRA0yC124NYVtzjmFWBIiFd8M0x+ZdX0P9R4lADg1mgP8C7PxGOWuQ==

html-parse-stringify@^3.0.1:
  version "3.0.1"
  resolved "https://registry.yarnpkg.com/html-parse-stringify/-/html-parse-stringify-3.0.1.tgz#dfc1017347ce9f77c8141a507f233040c59c55d2"
  integrity sha512-KknJ50kTInJ7qIScF3jeaFRpMpE8/lfiTdzf/twXyPBLAGrLRTmkz3AdTnKeh40X8k9L2fdYwEp/42WGXIRGcg==
  dependencies:
    void-elements "3.1.0"

inflight@^1.0.4:
  version "1.0.6"
  resolved "https://registry.yarnpkg.com/inflight/-/inflight-1.0.6.tgz#49bd6331d7d02d0c09bc910a1075ba8165b56df9"
  integrity sha512-k92I/b08q4wvFscXCLvqfsHCrjrF7yiXsQuIVvVE7N82W3+aqpzuUdBbfhWcy/FZR3/4IgflMgKLOsvPDrGCJA==
  dependencies:
    once "^1.3.0"
    wrappy "1"

inherits@2:
  version "2.0.4"
  resolved "https://registry.yarnpkg.com/inherits/-/inherits-2.0.4.tgz#0fa2c64f932917c3433a0ded55363aae37416b7c"
  integrity sha512-k/vGaX4/Yla3WzyMCvTQOXYeIHvqOKtnqBduzTHpzpQZzAskKMhZ2K+EnBiSM9zGSoIFeMpXKxa4dYeZIQqewQ==

"js-tokens@^3.0.0 || ^4.0.0":
  version "4.0.0"
  resolved "https://registry.yarnpkg.com/js-tokens/-/js-tokens-4.0.0.tgz#19203fb59991df98e3a287050d4647cdeaf32499"
  integrity sha512-RdJUflcE3cUzKiMqQgsCu06FPu9UdIJO0beYbPhHN4k6apgJtifcoCtT9bcxOpYBtpD2kCM6Sbzg4CausW/PKQ==

jsonc-parser@^3.0.0:
  version "3.1.0"
  resolved "https://registry.yarnpkg.com/jsonc-parser/-/jsonc-parser-3.1.0.tgz#73b8f0e5c940b83d03476bc2e51a20ef0932615d"
  integrity sha512-DRf0QjnNeCUds3xTjKlQQ3DpJD51GvDjJfnxUVWg6PZTo2otSm+slzNAxU/35hF8/oJIKoG9slq30JYOsF2azg==

loose-envify@^1.1.0, loose-envify@^1.4.0:
  version "1.4.0"
  resolved "https://registry.yarnpkg.com/loose-envify/-/loose-envify-1.4.0.tgz#71ee51fa7be4caec1a63839f7e682d8132d30caf"
  integrity sha512-lyuxPGr/Wfhrlem2CL/UcnUc1zcqKAImBDzukY7Y5F/yQiNdko6+fRLevlw1HgMySw7f611UIY408EtxRSoK3Q==
  dependencies:
    js-tokens "^3.0.0 || ^4.0.0"

lunr@^2.3.9:
  version "2.3.9"
  resolved "https://registry.yarnpkg.com/lunr/-/lunr-2.3.9.tgz#18b123142832337dd6e964df1a5a7707b25d35e1"
  integrity sha512-zTU3DaZaF3Rt9rhN3uBMGQD3dD2/vFQqnvZCDv4dl5iOzq2IZQqTxu90r4E5J+nP70J3ilqVCrbho2eWaeW8Ow==

marked@^4.0.16:
  version "4.0.19"
  resolved "https://registry.yarnpkg.com/marked/-/marked-4.0.19.tgz#d36198d1ac1255525153c351c68c75bc1d7aee46"
  integrity sha512-rgQF/OxOiLcvgUAj1Q1tAf4Bgxn5h5JZTp04Fx4XUkVhs7B+7YA9JEWJhJpoO8eJt8MkZMwqLCNeNqj1bCREZQ==

minimatch@^3.1.1:
  version "3.1.2"
  resolved "https://registry.yarnpkg.com/minimatch/-/minimatch-3.1.2.tgz#19cd194bfd3e428f049a70817c038d89ab4be35b"
  integrity sha512-J7p63hRiAjw1NDEww1W7i37+ByIrOWO5XQQAzZ3VOcL0PNybwpfmV/N05zFAzwQ9USyEcX6t3UO+K5aqBQOIHw==
  dependencies:
    brace-expansion "^1.1.7"

minimatch@^5.0.1, minimatch@^5.1.0:
  version "5.1.0"
  resolved "https://registry.yarnpkg.com/minimatch/-/minimatch-5.1.0.tgz#1717b464f4971b144f6aabe8f2d0b8e4511e09c7"
  integrity sha512-9TPBGGak4nHfGZsPBohm9AWg6NoT7QTCehS3BIJABslyZbzxfV78QM2Y6+i741OPZIafFAaiiEMh5OyIrJPgtg==
  dependencies:
    brace-expansion "^2.0.1"

mobx-react-lite@^3.4.0:
  version "3.4.0"
  resolved "https://registry.yarnpkg.com/mobx-react-lite/-/mobx-react-lite-3.4.0.tgz#d59156a96889cdadad751e5e4dab95f28926dfff"
  integrity sha512-bRuZp3C0itgLKHu/VNxi66DN/XVkQG7xtoBVWxpvC5FhAqbOCP21+nPhULjnzEqd7xBMybp6KwytdUpZKEgpIQ==

mobx-react@^7.3.0:
  version "7.5.2"
  resolved "https://registry.yarnpkg.com/mobx-react/-/mobx-react-7.5.2.tgz#362d6dc7271698caf3b56229c3c68fb0b30e682e"
  integrity sha512-NP44ONwSqTy+3KlD7y9k7xbsuGD+8mgUj3IeI65SbxF1IOB42/j9TbosgUEDn//CCuU6OmQ7k9oiu9eSpRBHnw==
  dependencies:
    mobx-react-lite "^3.4.0"

mobx@^6.4.2:
  version "6.6.1"
  resolved "https://registry.yarnpkg.com/mobx/-/mobx-6.6.1.tgz#70ee6aa82f25aeb7e7d522bd621207434e509318"
  integrity sha512-7su3UZv5JF+ohLr2opabjbUAERfXstMY+wiBtey8yNAPoB8H187RaQXuhFjNkH8aE4iHbDWnhDFZw0+5ic4nGQ==

object-assign@^4.1.1:
  version "4.1.1"
  resolved "https://registry.yarnpkg.com/object-assign/-/object-assign-4.1.1.tgz#2109adc7965887cfc05cbbd442cac8bfbb360863"
  integrity sha512-rJgTQnkUnH1sFw8yT6VSU3zD3sWmu6sZhIseY8VX+GRu3P6F7Fu+JNDoXfklElbLJSnc3FUQHVe4cU5hj+BcUg==

once@^1.3.0:
  version "1.4.0"
  resolved "https://registry.yarnpkg.com/once/-/once-1.4.0.tgz#583b1aa775961d4b113ac17d9c50baef9dd76bd1"
  integrity sha512-lNaJgI+2Q5URQBkccEKHTQOPaXdUxnZZElQTZY0MFUAuaEqe1E+Nyvgdz/aIyNi6Z9MzO5dv1H8n58/GELp3+w==
  dependencies:
    wrappy "1"

path-is-absolute@^1.0.0:
  version "1.0.1"
  resolved "https://registry.yarnpkg.com/path-is-absolute/-/path-is-absolute-1.0.1.tgz#174b9268735534ffbc7ace6bf53a5a9e1b5c5f5f"
  integrity sha512-AVbw3UJ2e9bq64vSaS9Am0fje1Pa8pbGqTTsmXfaIiMpnr5DlDhfJOuLj9Sf95ZPVDAUerDfEk88MPmPe7UCQg==

prop-types@^15.6.2, prop-types@^15.8.1:
  version "15.8.1"
  resolved "https://registry.yarnpkg.com/prop-types/-/prop-types-15.8.1.tgz#67d87bf1a694f48435cf332c24af10214a3140b5"
  integrity sha512-oj87CgZICdulUohogVAR7AjlC0327U4el4L6eAvOqCeudMDVU0NThNaV+b9Df4dXgSP1gXMTnPdhfe/2qDH5cg==
  dependencies:
    loose-envify "^1.4.0"
    object-assign "^4.1.1"
    react-is "^16.13.1"

react-i18next@^11.15.5:
  version "11.18.4"
  resolved "https://registry.yarnpkg.com/react-i18next/-/react-i18next-11.18.4.tgz#b3c35ac4c4657b05d599b036536d7b2c0331e248"
  integrity sha512-gK/AylAQC5DvCD5YLNCHW4PNzpCfrWIyVAXbSMl+/5QXzlDP8VdBoqE2s2niGHB+zIXwBV9hRXbDrVuupbgHcg==
  dependencies:
    "@babel/runtime" "^7.14.5"
    html-parse-stringify "^3.0.1"

react-is@^16.13.1:
  version "16.13.1"
  resolved "https://registry.yarnpkg.com/react-is/-/react-is-16.13.1.tgz#789729a4dc36de2999dc156dd6c1d9c18cea56a4"
  integrity sha512-24e6ynE2H+OKt4kqsOvNd8kBpV65zoxbA4BVsEOB3ARVWQki/DHzaUoC5KuON/BiccDaCCTZBuOcfZs70kR8bQ==

react-is@^18.2.0:
  version "18.2.0"
  resolved "https://registry.yarnpkg.com/react-is/-/react-is-18.2.0.tgz#199431eeaaa2e09f86427efbb4f1473edb47609b"
  integrity sha512-xWGDIW6x921xtzPkhiULtthJHoJvBbF3q26fzloPCK0hsvxtPVelvftw3zjbHWSkR2km9Z+4uxbDDK/6Zw9B8w==

react-transition-group@^4.4.5:
  version "4.4.5"
  resolved "https://registry.yarnpkg.com/react-transition-group/-/react-transition-group-4.4.5.tgz#e53d4e3f3344da8521489fbef8f2581d42becdd1"
  integrity sha512-pZcd1MCJoiKiBR2NRxeCRg13uCXbydPnmB4EOeRrY7480qNWO8IIgQG6zlDkm6uRMsURXPuKq0GWtiM59a5Q6g==
  dependencies:
    "@babel/runtime" "^7.5.5"
    dom-helpers "^5.0.1"
    loose-envify "^1.4.0"
    prop-types "^15.6.2"

react@^17.0.2:
  version "17.0.2"
  resolved "https://registry.yarnpkg.com/react/-/react-17.0.2.tgz#d0b5cc516d29eb3eee383f75b62864cfb6800037"
  integrity sha512-gnhPt75i/dq/z3/6q/0asP78D0u592D5L1pd7M8P+dck6Fu/jJeL6iVVK23fptSUZj8Vjf++7wXA8UNclGQcbA==
  dependencies:
    loose-envify "^1.1.0"
    object-assign "^4.1.1"

regenerator-runtime@^0.13.4:
  version "0.13.9"
  resolved "https://registry.yarnpkg.com/regenerator-runtime/-/regenerator-runtime-0.13.9.tgz#8925742a98ffd90814988d7566ad30ca3b263b52"
  integrity sha512-p3VT+cOEgxFsRRA9X4lkI1E+k2/CtnKtU4gcxyaCUreilL/vqI6CdZ3wxVUx3UOUg+gnUOQQcRI7BmSI656MYA==

shiki@^0.10.1:
  version "0.10.1"
  resolved "https://registry.yarnpkg.com/shiki/-/shiki-0.10.1.tgz#6f9a16205a823b56c072d0f1a0bcd0f2646bef14"
  integrity sha512-VsY7QJVzU51j5o1+DguUd+6vmCmZ5v/6gYu4vyYAhzjuNQU6P/vmSy4uQaOhvje031qQMiW0d2BwgMH52vqMng==
  dependencies:
    jsonc-parser "^3.0.0"
    vscode-oniguruma "^1.6.1"
    vscode-textmate "5.2.0"

stylis@4.0.13:
  version "4.0.13"
  resolved "https://registry.yarnpkg.com/stylis/-/stylis-4.0.13.tgz#f5db332e376d13cc84ecfe5dace9a2a51d954c91"
  integrity sha512-xGPXiFVl4YED9Jh7Euv2V220mriG9u4B2TA6Ybjc1catrstKD2PpIdU3U0RKpkVBC2EhmL/F0sPCr9vrFTNRag==

typedoc-plugin-mermaid@^1.6.0:
  version "1.9.0"
  resolved "https://registry.yarnpkg.com/typedoc-plugin-mermaid/-/typedoc-plugin-mermaid-1.9.0.tgz#0d0c9848da0a3565f90db9ba81b031353dde9ccd"
  integrity sha512-nZUTrgqx7tTwWcdekayFXA6qHbTUFdBYVp4uhHVgQM65+i+DVHsMGn/AjJLCMY0bEdtc9HWS2BuaKkBq1PKNlg==
  dependencies:
    html-escaper "^3.0.0"

typedoc@^0.22.12:
  version "0.22.18"
  resolved "https://registry.yarnpkg.com/typedoc/-/typedoc-0.22.18.tgz#1d000c33b66b88fd8cdfea14a26113a83b7e6591"
  integrity sha512-NK9RlLhRUGMvc6Rw5USEYgT4DVAUFk7IF7Q6MYfpJ88KnTZP7EneEa4RcP+tX1auAcz7QT1Iy0bUSZBYYHdoyA==
  dependencies:
    glob "^8.0.3"
    lunr "^2.3.9"
    marked "^4.0.16"
    minimatch "^5.1.0"
    shiki "^0.10.1"

typescript@4.7.3:
  version "4.7.3"
  resolved "https://registry.yarnpkg.com/typescript/-/typescript-4.7.3.tgz#8364b502d5257b540f9de4c40be84c98e23a129d"
  integrity sha512-WOkT3XYvrpXx4vMMqlD+8R8R37fZkjyLGlxavMc4iB8lrl8L0DeTcHbYgw/v0N/z9wAFsgBhcsF0ruoySS22mA==

void-elements@3.1.0:
  version "3.1.0"
  resolved "https://registry.yarnpkg.com/void-elements/-/void-elements-3.1.0.tgz#614f7fbf8d801f0bb5f0661f5b2f5785750e4f09"
  integrity sha512-Dhxzh5HZuiHQhbvTW9AMetFfBHDMYpo23Uo9btPXgdYP+3T5S+p+jgNy7spra+veYhBP2dCSgxR/i2Y02h5/6w==

vscode-oniguruma@^1.6.1:
  version "1.6.2"
  resolved "https://registry.yarnpkg.com/vscode-oniguruma/-/vscode-oniguruma-1.6.2.tgz#aeb9771a2f1dbfc9083c8a7fdd9cccaa3f386607"
  integrity sha512-KH8+KKov5eS/9WhofZR8M8dMHWN2gTxjMsG4jd04YhpbPR91fUj7rYQ2/XjeHCJWbg7X++ApRIU9NUwM2vTvLA==

vscode-textmate@5.2.0:
  version "5.2.0"
  resolved "https://registry.yarnpkg.com/vscode-textmate/-/vscode-textmate-5.2.0.tgz#01f01760a391e8222fe4f33fbccbd1ad71aed74e"
  integrity sha512-Uw5ooOQxRASHgu6C7GVvUxisKXfSgW4oFlO+aa+PAkgmH89O3CXxEEzNRNtHSqtXFTl0nAC1uYj0GMSH27uwtQ==

wrappy@1:
  version "1.0.2"
  resolved "https://registry.yarnpkg.com/wrappy/-/wrappy-1.0.2.tgz#b5243d8f3ec1aa35f1364605bc0d1036e30ab69f"
  integrity sha512-l4Sp/DRseor9wL6EvV2+TuQn63dMkPjZ/sp9XkghTEbV9KlPS1xUsZ3u7/IQO4wxtcFB4bgpQPRcR3QCvezPcQ==
